using System;

namespace exe1
{
    internal class Program
    {
        static void Main(string[] args)
        {
            Console.Write("Please enter a number: ");
            string input = Console.ReadLine();

            double number;
            bool success = double.TryParse(input, out number);

            if (success)
            {
                if (number > 0)
                {
                    Console.WriteLine("The number is positive.");
                }
                else if (number < 0)
                {
                    Console.WriteLine("The number is negative.");
                }
                else
                {
                    Console.WriteLine("The number is zero.");
                }
            }
            else
            {
                Console.WriteLine("Invalid input. Please enter a valid number.");
            }
            }
    }
}
