using System;

class Program
{
    static void Main()
    {
        Console.Write("Enter a positive integer: ");
        string input = Console.ReadLine();
        int number;

        if (int.TryParse(input, out number) && number >= 0)
        {
            long factorial = 1;
            for (int i = 1; i <= number; i++)
            {
                factorial *= i;
            }
            Console.WriteLine($"The factorial of {number} is {factorial}.");
        }
        else
        {
            Console.WriteLine("Invalid input. Please enter a positive integer.");
        }
    }
}
