using System;

class Program
{
    static void Main()
    {
        Random rand = new Random();
        int secretNumber = rand.Next(1, 101);
        int guess = 0;

        Console.WriteLine("Guess the secret number between 1 and 100.");

        while (true)
        {
            Console.Write("Enter your guess: ");
            string input = Console.ReadLine();
            if (int.TryParse(input, out guess))
            {
                if (guess < secretNumber)
                {
                    Console.WriteLine("Higher.");
                }
                else if (guess > secretNumber)
                {
                    Console.WriteLine("Lower.");
                }
                else
                {
                    Console.WriteLine("Congratulations! You guessed the secret number.");
                    break;
                }
            }
            else
            {
                Console.WriteLine("Invalid input. Please enter a number between 1 and 100.");
            }
        }
    }
}
