using System;

class Program
{
    static void Main()
    {
        int sum = 0;
        while (true)
        {
            Console.Write("Enter a number (or type 'stop' to end): ");
            string input = Console.ReadLine();

            if (input.ToLower() == "stop")
            {
                break;
            }

            int number;
            if (int.TryParse(input, out number))
            {
                if (number > 0)
                {
                    sum += number;
                }
                else
                {
                    continue;
                }
            }
            else
            {
                Console.WriteLine("Invalid input. Please enter a valid number.");
            }
        }

        Console.WriteLine($"The sum of the positive numbers entered is: {sum}");
    }
}
